// !$*UTF8*$!
{
	archiveVersion = 1;
	classes = {
	};
	objectVersion = 50;
	objects = {

/* Begin PBXBuildFile section */
		D534817F20DA242000D33E30 /* AppDelegate.swift in Sources */ = {isa = PBXBuildFile; fileRef = D534817E20DA242000D33E30 /* AppDelegate.swift */; };
		D534818120DA242000D33E30 /* ViewController.swift in Sources */ = {isa = PBXBuildFile; fileRef = D534818020DA242000D33E30 /* ViewController.swift */; };
		D534818420DA242000D33E30 /* Main.storyboard in Resources */ = {isa = PBXBuildFile; fileRef = D534818220DA242000D33E30 /* Main.storyboard */; };
		D534818720DA242000D33E30 /* IMikhuna.xcdatamodeld in Sources */ = {isa = PBXBuildFile; fileRef = D534818520DA242000D33E30 /* IMikhuna.xcdatamodeld */; };
		D534818920DA242200D33E30 /* Assets.xcassets in Resources */ = {isa = PBXBuildFile; fileRef = D534818820DA242200D33E30 /* Assets.xcassets */; };
		D534818C20DA242200D33E30 /* LaunchScreen.storyboard in Resources */ = {isa = PBXBuildFile; fileRef = D534818A20DA242200D33E30 /* LaunchScreen.storyboard */; };
/* End PBXBuildFile section */

/* Begin PBXFileReference section */
		D534817B20DA242000D33E30 /* IMikhuna.app */ = {isa = PBXFileReference; explicitFileType = wrapper.application; includeInIndex = 0; path = IMikhuna.app; sourceTree = BUILT_PRODUCTS_DIR; };
		D534817E20DA242000D33E30 /* AppDelegate.swift */ = {isa = PBXFileReference; lastKnownFileType = sourcecode.swift; path = AppDelegate.swift; sourceTree = "<group>"; };
		D534818020DA242000D33E30 /* ViewController.swift */ = {isa = PBXFileReference; lastKnownFileType = sourcecode.swift; path = ViewController.swift; sourceTree = "<group>"; };
		D534818320DA242000D33E30 /* Base */ = {isa = PBXFileReference; lastKnownFileType = file.storyboard; name = Base; path = Base.lproj/Main.storyboard; sourceTree = "<group>"; };
		D534818620DA242000D33E30 /* IMikhuna.xcdatamodel */ = {isa = PBXFileReference; lastKnownFileType = wrapper.xcdatamodel; path = IMikhuna.xcdatamodel; sourceTree = "<group>"; };
		D534818820DA242200D33E30 /* Assets.xcassets */ = {isa = PBXFileReference; lastKnownFileType = folder.assetcatalog; path = Assets.xcassets; sourceTree = "<group>"; };
		D534818B20DA242200D33E30 /* Base */ = {isa = PBXFileReference; lastKnownFileType = file.storyboard; name = Base; path = Base.lproj/LaunchScreen.storyboard; sourceTree = "<group>"; };
		D534818D20DA242200D33E30 /* Info.plist */ = {isa = PBXFileReference; lastKnownFileType = text.plist.xml; path = Info.plist; sourceTree = "<group>"; };
/* End PBXFileReference section */

/* Begin PBXFrameworksBuildPhase section */
		D534817820DA242000D33E30 /* Frameworks */ = {
			isa = PBXFrameworksBuildPhase;
			buildActionMask = 2147483647;
			files = (
			);
			runOnlyForDeploymentPostprocessing = 0;
		};
/* End PBXFrameworksBuildPhase section */

/* Begin PBXGroup section */
		D534817220DA242000D33E30 = {
			isa = PBXGroup;
			children = (
				D534817D20DA242000D33E30 /* IMikhuna */,
				D534817C20DA242000D33E30 /* Products */,
			);
			sourceTree = "<group>";
		};
		D534817C20DA242000D33E30 /* Products */ = {
			isa = PBXGroup;
			children = (
				D534817B20DA242000D33E30 /* IMikhuna.app */,
			);
			name = Products;
			sourceTree = "<group>";
		};
		D534817D20DA242000D33E30 /* IMikhuna */ = {
			isa = PBXGroup;
			children = (
				D534817E20DA242000D33E30 /* AppDelegate.swift */,
				D534818020DA242000D33E30 /* ViewController.swift */,
				D534818220DA242000D33E30 /* Main.storyboard */,
				D534818820DA242200D33E30 /* Assets.xcassets */,
				D534818A20DA242200D33E30 /* LaunchScreen.storyboard */,
				D534818D20DA242200D33E30 /* Info.plist */,
				D534818520DA242000D33E30 /* IMikhuna.xcdatamodeld */,
			);
			path = IMikhuna;
			sourceTree = "<group>";
		};
/* End PBXGroup section */

/* Begin PBXNativeTarget section */
		D534817A20DA242000D33E30 /* IMikhuna */ = {
			isa = PBXNativeTarget;
			buildConfigurationList = D534819020DA242200D33E30 /* Build configuration list for PBXNativeTarget "IMikhuna" */;
			buildPhases = (
				D534817720DA242000D33E30 /* Sources */,
				D534817820DA242000D33E30 /* Frameworks */,
				D534817920DA242000D33E30 /* Resources */,
			);
			buildRules = (
			);
			dependencies = (
			);
			name = IMikhuna;
			productName = IMikhuna;
			productReference = D534817B20DA242000D33E30 /* IMikhuna.app */;
			productType = "com.apple.product-type.application";
		};
/* End PBXNativeTarget section */

/* Begin PBXProject section */
		D534817320DA242000D33E30 /* Project object */ = {
			isa = PBXProject;
			attributes = {
				LastSwiftUpdateCheck = 0940;
				LastUpgradeCheck = 0940;
				ORGANIZATIONNAME = "Raul Bigoria Escobedo";
				TargetAttributes = {
					D534817A20DA242000D33E30 = {
						CreatedOnToolsVersion = 9.4.1;
					};
				};
			};
			buildConfigurationList = D534817620DA242000D33E30 /* Build configuration list for PBXProject "IMikhuna" */;
			compatibilityVersion = "Xcode 9.3";
			developmentRegion = en;
			hasScannedForEncodings = 0;
			knownRegions = (
				en,
				Base,
			);
			mainGroup = D534817220DA242000D33E30;
			productRefGroup = D534817C20DA242000D33E30 /* Products */;
			projectDirPath = "";
			projectRoot = "";
			targets = (
				D534817A20DA242000D33E30 /* IMikhuna */,
			);
		};
/* End PBXProject section */

/* Begin PBXResourcesBuildPhase section */
		D534817920DA242000D33E30 /* Resources */ = {
			isa = PBXResourcesBuildPhase;
			buildActionMask = 2147483647;
			files = (
				D534818C20DA242200D33E30 /* LaunchScreen.storyboard in Resources */,
				D534818920DA242200D33E30 /* Assets.xcassets in Resources */,
				D534818420DA242000D33E30 /* Main.storyboard in Resources */,
			);
			runOnlyForDeploymentPostprocessing = 0;
		};
/* End PBXResourcesBuildPhase section */

/* Begin PBXSourcesBuildPhase section */
		D534817720DA242000D33E30 /* Sources */ = {
			isa = PBXSourcesBuildPhase;
			buildActionMask = 2147483647;
			files = (
				D534818120DA242000D33E30 /* ViewController.swift in Sources */,
				D534817F20DA242000D33E30 /* AppDelegate.swift in Sources */,
				D534818720DA242000D33E30 /* IMikhuna.xcdatamodeld in Sources */,
			);
			runOnlyForDeploymentPostprocessing = 0;
		};
/* End PBXSourcesBuildPhase section */

/* Begin PBXVariantGroup section */
		D534818220DA242000D33E30 /* Main.storyboard */ = {
			isa = PBXVariantGroup;
			children = (
				D534818320DA242000D33E30 /* Base */,
			);
			name = Main.storyboard;
			sourceTree = "<group>";
		};
		D534818A20DA242200D33E30 /* LaunchScreen.storyboard */ = {
			isa = PBXVariantGroup;
			children = (
				D534818B20DA242200D33E30 /* Base */,
			);
			name = LaunchScreen.storyboard;
			sourceTree = "<group>";
		};
/* End PBXVariantGroup section */

/* Begin XCBuildConfiguration section */
		D534818E20DA242200D33E30 /* Debug */ = {
			isa = XCBuildConfiguration;
			buildSettings = {
				ALWAYS_SEARCH_USER_PATHS = NO;
				CLANG_ANALYZER_NONNULL = YES;
				CLANG_ANALYZER_NUMBER_OBJECT_CONVERSION = YES_AGGRESSIVE;
				CLANG_CXX_LANGUAGE_STANDARD = "gnu++14";
				CLANG_CXX_LIBRARY = "libc++";
				CLANG_ENABLE_MODULES = YES;
				CLANG_ENABLE_OBJC_ARC = YES;
				CLANG_ENABLE_OBJC_WEAK = YES;
				CLANG_WARN_BLOCK_CAPTURE_AUTORELEASING = YES;
				CLANG_WARN_BOOL_CONVERSION = YES;
				CLANG_WARN_COMMA = YES;
				CLANG_WARN_CONSTANT_CONVERSION = YES;
				CLANG_WARN_DEPRECATED_OBJC_IMPLEMENTATIONS = YES;
				CLANG_WARN_DIRECT_OBJC_ISA_USAGE = YES_ERROR;
				CLANG_WARN_DOCUMENTATION_COMMENTS = YES;
				CLANG_WARN_EMPTY_BODY = YES;
				CLANG_WARN_ENUM_CONVERSION = YES;
				CLANG_WARN_INFINITE_RECURSION = YES;
				CLANG_WARN_INT_CONVERSION = YES;
				CLANG_WARN_NON_LITERAL_NULL_CONVERSION = YES;
				CLANG_WARN_OBJC_IMPLICIT_RETAIN_SELF = YES;
				CLANG_WARN_OBJC_LITERAL_CONVERSION = YES;
				CLANG_WARN_OBJC_ROOT_CLASS = YES_ERROR;
				CLANG_WARN_RANGE_LOOP_ANALYSIS = YES;
				CLANG_WARN_STRICT_PROTOTYPES = YES;
				CLANG_WARN_SUSPICIOUS_MOVE = YES;
				CLANG_WARN_UNGUARDED_AVAILABILITY = YES_AGGRESSIVE;
				CLANG_WARN_UNREACHABLE_CODE = YES;
				CLANG_WARN__DUPLICATE_METHOD_MATCH = YES;
				CODE_SIGN_IDENTITY = "iPhone Developer";
				COPY_PHASE_STRIP = NO;
				DEBUG_INFORMATION_FORMAT = dwarf;
				ENABLE_STRICT_OBJC_MSGSEND = YES;
				ENABLE_TESTABILITY = YES;
				GCC_C_LANGUAGE_STANDARD = gnu11;
				GCC_DYNAMIC_NO_PIC = NO;
				GCC_NO_COMMON_BLOCKS = YES;
				GCC_OPTIMIZATION_LEVEL = 0;
				GCC_PREPROCESSOR_DEFINITIONS = (
					"DEBUG=1",
					"$(inherited)",
				);
				GCC_WARN_64_TO_32_BIT_CONVERSION = YES;
				GCC_WARN_ABOUT_RETURN_TYPE = YES_ERROR;
				GCC_WARN_UNDECLARED_SELECTOR = YES;
				GCC_WARN_UNINITIALIZED_AUTOS = YES_AGGRESSIVE;
				GCC_WARN_UNUSED_FUNCTION = YES;
				GCC_WARN_UNUSED_VARIABLE = YES;
				IPHONEOS_DEPLOYMENT_TARGET = 11.4;
				MTL_ENABLE_DEBUG_INFO = YES;
				ONLY_ACTIVE_ARCH = YES;
				SDKROOT = iphoneos;
				SWIFT_ACTIVE_COMPILATION_CONDITIONS = DEBUG;
				SWIFT_OPTIMIZATION_LEVEL = "-Onone";
			};
			name = Debug;
		};
		D534818F20DA242200D33E30 /* Release */ = {
			isa = XCBuildConfiguration;
			buildSettings = {
				ALWAYS_SEARCH_USER_PATHS = NO;
				CLANG_ANALYZER_NONNULL = YES;
				CLANG_ANALYZER_NUMBER_OBJECT_CONVERSION = YES_AGGRESSIVE;
				CLANG_CXX_LANGUAGE_STANDARD = "gnu++14";
				CLANG_CXX_LIBRARY = "libc++";
				CLANG_ENABLE_MODULES = YES;
				CLANG_ENABLE_OBJC_ARC = YES;
				CLANG_ENABLE_OBJC_WEAK = YES;
				CLANG_WARN_BLOCK_CAPTURE_AUTORELEASING = YES;
				CLANG_WARN_BOOL_CONVERSION = YES;
				CLANG_WARN_COMMA = YES;
				CLANG_WARN_CONSTANT_CONVERSION = YES;
				CLANG_WARN_DEPRECATED_OBJC_IMPLEMENTATIONS = YES;
				CLANG_WARN_DIRECT_OBJC_ISA_USAGE = YES_ERROR;
				CLANG_WARN_DOCUMENTATION_COMMENTS = YES;
				CLANG_WARN_EMPTY_BODY = YES;
				CLANG_WARN_ENUM_CONVERSION = YES;
				CLANG_WARN_INFINITE_RECURSION = YES;
				CLANG_WARN_INT_CONVERSION = YES;
				CLANG_WARN_NON_LITERAL_NULL_CONVERSION = YES;
				CLANG_WARN_OBJC_IMPLICIT_RETAIN_SELF = YES;
				CLANG_WARN_OBJC_LITERAL_CONVERSION = YES;
				CLANG_WARN_OBJC_ROOT_CLASS = YES_ERROR;
				CLANG_WARN_RANGE_LOOP_ANALYSIS = YES;
				CLANG_WARN_STRICT_PROTOTYPES = YES;
				CLANG_WARN_SUSPICIOUS_MOVE = YES;
				CLANG_WARN_UNGUARDED_AVAILABILITY = YES_AGGRESSIVE;
				CLANG_WARN_UNREACHABLE_CODE = YES;
				CLANG_WARN__DUPLICATE_METHOD_MATCH = YES;
				CODE_SIGN_IDENTITY = "iPhone Developer";
				COPY_PHASE_STRIP = NO;
				DEBUG_INFORMATION_FORMAT = "dwarf-with-dsym";
				ENABLE_NS_ASSERTIONS = NO;
				ENABLE_STRICT_OBJC_MSGSEND = YES;
				GCC_C_LANGUAGE_STANDARD = gnu11;
				GCC_NO_COMMON_BLOCKS = YES;
				GCC_WARN_64_TO_32_BIT_CONVERSION = YES;
				GCC_WARN_ABOUT_RETURN_TYPE = YES_ERROR;
				GCC_WARN_UNDECLARED_SELECTOR = YES;
				GCC_WARN_UNINITIALIZED_AUTOS = YES_AGGRESSIVE;
				GCC_WARN_UNUSED_FUNCTION = YES;
				GCC_WARN_UNUSED_VARIABLE = YES;
				IPHONEOS_DEPLOYMENT_TARGET = 11.4;
				MTL_ENABLE_DEBUG_INFO = NO;
				SDKROOT = iphoneos;
				SWIFT_COMPILATION_MODE = wholemodule;
				SWIFT_OPTIMIZATION_LEVEL = "-O";
				VALIDATE_PRODUCT = YES;
			};
			name = Release;
		};
		D534819120DA242200D33E30 /* Debug */ = {
			isa = XCBuildConfiguration;
			buildSettings = {
				ASSETCATALOG_COMPILER_APPICON_NAME = AppIcon;
				CODE_SIGN_STYLE = Automatic;
				DEVELOPMENT_TEAM = 378JQ9F8US;
				INFOPLIST_FILE = IMikhuna/Info.plist;
				LD_RUNPATH_SEARCH_PATHS = (
					"$(inherited)",
					"@executable_path/Frameworks",
				);
				PRODUCT_BUNDLE_IDENTIFIER = upc.org.IMikhuna;
				PRODUCT_NAME = "$(TARGET_NAME)";
				SWIFT_VERSION = 4.0;
				TARGETED_DEVICE_FAMILY = "1,2";
			};
			name = Debug;
		};
		D534819220DA242200D33E30 /* Release */ = {
			isa = XCBuildConfiguration;
			buildSettings = {
				ASSETCATALOG_COMPILER_APPICON_NAME = AppIcon;
				CODE_SIGN_STYLE = Automatic;
				DEVELOPMENT_TEAM = 378JQ9F8US;
				INFOPLIST_FILE = IMikhuna/Info.plist;
				LD_RUNPATH_SEARCH_PATHS = (
					"$(inherited)",
					"@executable_path/Frameworks",
				);
				PRODUCT_BUNDLE_IDENTIFIER = upc.org.IMikhuna;
				PRODUCT_NAME = "$(TARGET_NAME)";
				SWIFT_VERSION = 4.0;
				TARGETED_DEVICE_FAMILY = "1,2";
			};
			name = Release;
		};
/* End XCBuildConfiguration section */

/* Begin XCConfigurationList section */
		D534817620DA242000D33E30 /* Build configuration list for PBXProject "IMikhuna" */ = {
			isa = XCConfigurationList;
			buildConfigurations = (
				D534818E20DA242200D33E30 /* Debug */,
				D534818F20DA242200D33E30 /* Release */,
			);
			defaultConfigurationIsVisible = 0;
			defaultConfigurationName = Release;
		};
		D534819020DA242200D33E30 /* Build configuration list for PBXNativeTarget "IMikhuna" */ = {
			isa = XCConfigurationList;
			buildConfigurations = (
				D534819120DA242200D33E30 /* Debug */,
				D534819220DA242200D33E30 /* Release */,
			);
			defaultConfigurationIsVisible = 0;
			defaultConfigurationName = Release;
		};
/* End XCConfigurationList section */

/* Begin XCVersionGroup section */
		D534818520DA242000D33E30 /* IMikhuna.xcdatamodeld */ = {
			isa = XCVersionGroup;
			children = (
				D534818620DA242000D33E30 /* IMikhuna.xcdatamodel */,
			);
			currentVersion = D534818620DA242000D33E30 /* IMikhuna.xcdatamodel */;
			path = IMikhuna.xcdatamodeld;
			sourceTree = "<group>";
			versionGroupType = wrapper.xcdatamodel;
		};
/* End XCVersionGroup section */
	};
	rootObject = D534817320DA242000D33E30 /* Project object */;
}
