// !$*UTF8*$!
{
	archiveVersion = 1;
	classes = {
	};
	objectVersion = 50;
	objects = {

/* Begin PBXBuildFile section */
		D534817F20DA242000D33E30 /* AppDelegate.swift in Sources */ = {isa = PBXBuildFile; fileRef = D534817E20DA242000D33E30 /* AppDelegate.swift */; };
		D534818420DA242000D33E30 /* Main.storyboard in Resources */ = {isa = PBXBuildFile; fileRef = D534818220DA242000D33E30 /* Main.storyboard */; };
		D534818720DA242000D33E30 /* IMikhuna.xcdatamodeld in Sources */ = {isa = PBXBuildFile; fileRef = D534818520DA242000D33E30 /* IMikhuna.xcdatamodeld */; };
		D534818C20DA242200D33E30 /* LaunchScreen.storyboard in Resources */ = {isa = PBXBuildFile; fileRef = D534818A20DA242200D33E30 /* LaunchScreen.storyboard */; };
		D53B70E220E4C09000C1E7C5 /* Subscription.swift in Sources */ = {isa = PBXBuildFile; fileRef = D53B70E120E4C09000C1E7C5 /* Subscription.swift */; };
		D53B70FD20E4CF7F00C1E7C5 /* Order.swift in Sources */ = {isa = PBXBuildFile; fileRef = D53B70FC20E4CF7F00C1E7C5 /* Order.swift */; };
		D53B70FF20E4D5C400C1E7C5 /* Menu.swift in Sources */ = {isa = PBXBuildFile; fileRef = D53B70FE20E4D5C400C1E7C5 /* Menu.swift */; };
		D53B710120E518E300C1E7C5 /* Dish.swift in Sources */ = {isa = PBXBuildFile; fileRef = D53B710020E518E300C1E7C5 /* Dish.swift */; };
		D53B713C20E56D7500C1E7C5 /* HistoricalViewController.swift in Sources */ = {isa = PBXBuildFile; fileRef = D53B713B20E56D7500C1E7C5 /* HistoricalViewController.swift */; };
		D5432BBB20E311500043CE52 /* AlamofireImage.framework in Frameworks */ = {isa = PBXBuildFile; fileRef = D5432BA520E30E200043CE52 /* AlamofireImage.framework */; };
		D5432BBC20E311500043CE52 /* AlamofireImage.framework in Embed Frameworks */ = {isa = PBXBuildFile; fileRef = D5432BA520E30E200043CE52 /* AlamofireImage.framework */; settings = {ATTRIBUTES = (CodeSignOnCopy, RemoveHeadersOnCopy, ); }; };
		D5432BBF20E311570043CE52 /* SwiftyJSON.framework in Frameworks */ = {isa = PBXBuildFile; fileRef = D5432B8B20E30E000043CE52 /* SwiftyJSON.framework */; };
		D5432BC020E311570043CE52 /* SwiftyJSON.framework in Embed Frameworks */ = {isa = PBXBuildFile; fileRef = D5432B8B20E30E000043CE52 /* SwiftyJSON.framework */; settings = {ATTRIBUTES = (CodeSignOnCopy, RemoveHeadersOnCopy, ); }; };
		D5432BC320E3115D0043CE52 /* Alamofire.framework in Frameworks */ = {isa = PBXBuildFile; fileRef = D5432B7220E30DF80043CE52 /* Alamofire.framework */; };
		D5432BC420E3115D0043CE52 /* Alamofire.framework in Embed Frameworks */ = {isa = PBXBuildFile; fileRef = D5432B7220E30DF80043CE52 /* Alamofire.framework */; settings = {ATTRIBUTES = (CodeSignOnCopy, RemoveHeadersOnCopy, ); }; };
		D5432BC820E312020043CE52 /* MikhunaApi.swift in Sources */ = {isa = PBXBuildFile; fileRef = D5432BC720E312020043CE52 /* MikhunaApi.swift */; };
		D5432BCA20E344C50043CE52 /* Session.swift in Sources */ = {isa = PBXBuildFile; fileRef = D5432BC920E344C50043CE52 /* Session.swift */; };
		D5432BCC20E345840043CE52 /* SessionStore.swift in Sources */ = {isa = PBXBuildFile; fileRef = D5432BCB20E345840043CE52 /* SessionStore.swift */; };
		D5464E8820E23D5C003C7ECA /* MakeOrderViewController.swift in Sources */ = {isa = PBXBuildFile; fileRef = D5464E8720E23D5C003C7ECA /* MakeOrderViewController.swift */; };
		D5464E8A20E244AD003C7ECA /* OrdersTableViewController.swift in Sources */ = {isa = PBXBuildFile; fileRef = D5464E8920E244AD003C7ECA /* OrdersTableViewController.swift */; };
		D5464E8C20E244D8003C7ECA /* SubscriptionsTableViewController.swift in Sources */ = {isa = PBXBuildFile; fileRef = D5464E8B20E244D8003C7ECA /* SubscriptionsTableViewController.swift */; };
		D5464E9020E24723003C7ECA /* RestaurantViewController.swift in Sources */ = {isa = PBXBuildFile; fileRef = D5464E8F20E24723003C7ECA /* RestaurantViewController.swift */; };
		D54C082520E172E300003890 /* OrderViewController.swift in Sources */ = {isa = PBXBuildFile; fileRef = D54C082420E172E300003890 /* OrderViewController.swift */; };
		D54C082720E172F800003890 /* MapViewController.swift in Sources */ = {isa = PBXBuildFile; fileRef = D54C082620E172F800003890 /* MapViewController.swift */; };
		D54C082920E1733F00003890 /* RegisterViewController.swift in Sources */ = {isa = PBXBuildFile; fileRef = D54C082820E1733F00003890 /* RegisterViewController.swift */; };
		D5602DDB20DB8CA9000305FE /* LoginViewController.swift in Sources */ = {isa = PBXBuildFile; fileRef = D5602DDA20DB8CA9000305FE /* LoginViewController.swift */; };
		D5602DDD20DB9237000305FE /* Assets.xcassets in Resources */ = {isa = PBXBuildFile; fileRef = D5602DDC20DB9237000305FE /* Assets.xcassets */; };
/* End PBXBuildFile section */

/* Begin PBXContainerItemProxy section */
		D5432B7120E30DF80043CE52 /* PBXContainerItemProxy */ = {
			isa = PBXContainerItemProxy;
			containerPortal = D5432B6620E30DF70043CE52 /* Alamofire.xcodeproj */;
			proxyType = 2;
			remoteGlobalIDString = F8111E3319A95C8B0040E7D1;
			remoteInfo = "Alamofire iOS";
		};
		D5432B7320E30DF80043CE52 /* PBXContainerItemProxy */ = {
			isa = PBXContainerItemProxy;
			containerPortal = D5432B6620E30DF70043CE52 /* Alamofire.xcodeproj */;
			proxyType = 2;
			remoteGlobalIDString = F8111E3E19A95C8B0040E7D1;
			remoteInfo = "Alamofire iOS Tests";
		};
		D5432B7520E30DF80043CE52 /* PBXContainerItemProxy */ = {
			isa = PBXContainerItemProxy;
			containerPortal = D5432B6620E30DF70043CE52 /* Alamofire.xcodeproj */;
			proxyType = 2;
			remoteGlobalIDString = 4DD67C0B1A5C55C900ED2280;
			remoteInfo = "Alamofire macOS";
		};
		D5432B7720E30DF80043CE52 /* PBXContainerItemProxy */ = {
			isa = PBXContainerItemProxy;
			containerPortal = D5432B6620E30DF70043CE52 /* Alamofire.xcodeproj */;
			proxyType = 2;
			remoteGlobalIDString = F829C6B21A7A94F100A2CD59;
			remoteInfo = "Alamofire macOS Tests";
		};
		D5432B7920E30DF80043CE52 /* PBXContainerItemProxy */ = {
			isa = PBXContainerItemProxy;
			containerPortal = D5432B6620E30DF70043CE52 /* Alamofire.xcodeproj */;
			proxyType = 2;
			remoteGlobalIDString = 4CF626EF1BA7CB3E0011A099;
			remoteInfo = "Alamofire tvOS";
		};
		D5432B7B20E30DF80043CE52 /* PBXContainerItemProxy */ = {
			isa = PBXContainerItemProxy;
			containerPortal = D5432B6620E30DF70043CE52 /* Alamofire.xcodeproj */;
			proxyType = 2;
			remoteGlobalIDString = 4CF626F81BA7CB3E0011A099;
			remoteInfo = "Alamofire tvOS Tests";
		};
		D5432B7D20E30DF80043CE52 /* PBXContainerItemProxy */ = {
			isa = PBXContainerItemProxy;
			containerPortal = D5432B6620E30DF70043CE52 /* Alamofire.xcodeproj */;
			proxyType = 2;
			remoteGlobalIDString = E4202FE01B667AA100C997FB;
			remoteInfo = "Alamofire watchOS";
		};
		D5432B8A20E30E000043CE52 /* PBXContainerItemProxy */ = {
			isa = PBXContainerItemProxy;
			containerPortal = D5432B7F20E30E000043CE52 /* SwiftyJSON.xcodeproj */;
			proxyType = 2;
			remoteGlobalIDString = 2E4FEFDB19575BE100351305;
			remoteInfo = "SwiftyJSON iOS";
		};
		D5432B8C20E30E000043CE52 /* PBXContainerItemProxy */ = {
			isa = PBXContainerItemProxy;
			containerPortal = D5432B7F20E30E000043CE52 /* SwiftyJSON.xcodeproj */;
			proxyType = 2;
			remoteGlobalIDString = 2E4FEFE619575BE100351305;
			remoteInfo = "SwiftyJSON iOS Tests";
		};
		D5432B8E20E30E000043CE52 /* PBXContainerItemProxy */ = {
			isa = PBXContainerItemProxy;
			containerPortal = D5432B7F20E30E000043CE52 /* SwiftyJSON.xcodeproj */;
			proxyType = 2;
			remoteGlobalIDString = 9C7DFC5B1A9102BD005AA3F7;
			remoteInfo = "SwiftyJSON macOS";
		};
		D5432B9020E30E000043CE52 /* PBXContainerItemProxy */ = {
			isa = PBXContainerItemProxy;
			containerPortal = D5432B7F20E30E000043CE52 /* SwiftyJSON.xcodeproj */;
			proxyType = 2;
			remoteGlobalIDString = 9C7DFC651A9102BD005AA3F7;
			remoteInfo = "SwiftyJSON macOS Tests";
		};
		D5432B9220E30E000043CE52 /* PBXContainerItemProxy */ = {
			isa = PBXContainerItemProxy;
			containerPortal = D5432B7F20E30E000043CE52 /* SwiftyJSON.xcodeproj */;
			proxyType = 2;
			remoteGlobalIDString = E4D7CCE81B9465A700EE7221;
			remoteInfo = "SwiftyJSON watchOS";
		};
		D5432B9420E30E000043CE52 /* PBXContainerItemProxy */ = {
			isa = PBXContainerItemProxy;
			containerPortal = D5432B7F20E30E000043CE52 /* SwiftyJSON.xcodeproj */;
			proxyType = 2;
			remoteGlobalIDString = 7236B4F61BAC14150020529B;
			remoteInfo = "SwiftyJSON tvOS";
		};
		D5432B9620E30E000043CE52 /* PBXContainerItemProxy */ = {
			isa = PBXContainerItemProxy;
			containerPortal = D5432B7F20E30E000043CE52 /* SwiftyJSON.xcodeproj */;
			proxyType = 2;
			remoteGlobalIDString = A8580F741BCF5C5B00DA927B;
			remoteInfo = "SwiftyJSON tvOS Tests";
		};
		D5432BA420E30E200043CE52 /* PBXContainerItemProxy */ = {
			isa = PBXContainerItemProxy;
			containerPortal = D5432B9820E30E200043CE52 /* AlamofireImage.xcodeproj */;
			proxyType = 2;
			remoteGlobalIDString = 4C9043771AABBFC5001B4E60;
			remoteInfo = "AlamofireImage iOS";
		};
		D5432BA620E30E200043CE52 /* PBXContainerItemProxy */ = {
			isa = PBXContainerItemProxy;
			containerPortal = D5432B9820E30E200043CE52 /* AlamofireImage.xcodeproj */;
			proxyType = 2;
			remoteGlobalIDString = 4C9043821AABBFC5001B4E60;
			remoteInfo = "AlamofireImage iOS Tests";
		};
		D5432BA820E30E200043CE52 /* PBXContainerItemProxy */ = {
			isa = PBXContainerItemProxy;
			containerPortal = D5432B9820E30E200043CE52 /* AlamofireImage.xcodeproj */;
			proxyType = 2;
			remoteGlobalIDString = 4CE611321AABC24E00D35044;
			remoteInfo = "AlamofireImage macOS";
		};
		D5432BAA20E30E200043CE52 /* PBXContainerItemProxy */ = {
			isa = PBXContainerItemProxy;
			containerPortal = D5432B9820E30E200043CE52 /* AlamofireImage.xcodeproj */;
			proxyType = 2;
			remoteGlobalIDString = 4CE611471AABC5C900D35044;
			remoteInfo = "AlamofireImage macOS Tests";
		};
		D5432BAC20E30E200043CE52 /* PBXContainerItemProxy */ = {
			isa = PBXContainerItemProxy;
			containerPortal = D5432B9820E30E200043CE52 /* AlamofireImage.xcodeproj */;
			proxyType = 2;
			remoteGlobalIDString = 4C16B37D1BA9399500A66EF0;
			remoteInfo = "AlamofireImage tvOS";
		};
		D5432BAE20E30E200043CE52 /* PBXContainerItemProxy */ = {
			isa = PBXContainerItemProxy;
			containerPortal = D5432B9820E30E200043CE52 /* AlamofireImage.xcodeproj */;
			proxyType = 2;
			remoteGlobalIDString = 4C16B3861BA9399500A66EF0;
			remoteInfo = "AlamofireImage tvOS Tests";
		};
		D5432BB020E30E200043CE52 /* PBXContainerItemProxy */ = {
			isa = PBXContainerItemProxy;
			containerPortal = D5432B9820E30E200043CE52 /* AlamofireImage.xcodeproj */;
			proxyType = 2;
			remoteGlobalIDString = 4C4D4EC11B92976900C96855;
			remoteInfo = "AlamofireImage watchOS";
		};
		D5432BBD20E311500043CE52 /* PBXContainerItemProxy */ = {
			isa = PBXContainerItemProxy;
			containerPortal = D5432B9820E30E200043CE52 /* AlamofireImage.xcodeproj */;
			proxyType = 1;
			remoteGlobalIDString = 4C9043761AABBFC5001B4E60;
			remoteInfo = "AlamofireImage iOS";
		};
		D5432BC120E311570043CE52 /* PBXContainerItemProxy */ = {
			isa = PBXContainerItemProxy;
			containerPortal = D5432B7F20E30E000043CE52 /* SwiftyJSON.xcodeproj */;
			proxyType = 1;
			remoteGlobalIDString = 2E4FEFDA19575BE100351305;
			remoteInfo = "SwiftyJSON iOS";
		};
		D5432BC520E3115D0043CE52 /* PBXContainerItemProxy */ = {
			isa = PBXContainerItemProxy;
			containerPortal = D5432B6620E30DF70043CE52 /* Alamofire.xcodeproj */;
			proxyType = 1;
			remoteGlobalIDString = F8111E3219A95C8B0040E7D1;
			remoteInfo = "Alamofire iOS";
		};
/* End PBXContainerItemProxy section */

/* Begin PBXCopyFilesBuildPhase section */
		D5464F1120E248AD003C7ECA /* Embed Frameworks */ = {
			isa = PBXCopyFilesBuildPhase;
			buildActionMask = 2147483647;
			dstPath = "";
			dstSubfolderSpec = 10;
			files = (
				D5432BC020E311570043CE52 /* SwiftyJSON.framework in Embed Frameworks */,
				D5432BC420E3115D0043CE52 /* Alamofire.framework in Embed Frameworks */,
				D5432BBC20E311500043CE52 /* AlamofireImage.framework in Embed Frameworks */,
			);
			name = "Embed Frameworks";
			runOnlyForDeploymentPostprocessing = 0;
		};
/* End PBXCopyFilesBuildPhase section */

/* Begin PBXFileReference section */
		D534817B20DA242000D33E30 /* IMikhuna.app */ = {isa = PBXFileReference; explicitFileType = wrapper.application; includeInIndex = 0; path = IMikhuna.app; sourceTree = BUILT_PRODUCTS_DIR; };
		D534817E20DA242000D33E30 /* AppDelegate.swift */ = {isa = PBXFileReference; lastKnownFileType = sourcecode.swift; path = AppDelegate.swift; sourceTree = "<group>"; };
		D534818320DA242000D33E30 /* Base */ = {isa = PBXFileReference; lastKnownFileType = file.storyboard; name = Base; path = Base.lproj/Main.storyboard; sourceTree = "<group>"; };
		D534818620DA242000D33E30 /* IMikhuna.xcdatamodel */ = {isa = PBXFileReference; lastKnownFileType = wrapper.xcdatamodel; path = IMikhuna.xcdatamodel; sourceTree = "<group>"; };
		D534818B20DA242200D33E30 /* Base */ = {isa = PBXFileReference; lastKnownFileType = file.storyboard; name = Base; path = Base.lproj/LaunchScreen.storyboard; sourceTree = "<group>"; };
		D534818D20DA242200D33E30 /* Info.plist */ = {isa = PBXFileReference; lastKnownFileType = text.plist.xml; path = Info.plist; sourceTree = "<group>"; };
		D53B70E120E4C09000C1E7C5 /* Subscription.swift */ = {isa = PBXFileReference; lastKnownFileType = sourcecode.swift; path = Subscription.swift; sourceTree = "<group>"; };
		D53B70FC20E4CF7F00C1E7C5 /* Order.swift */ = {isa = PBXFileReference; lastKnownFileType = sourcecode.swift; path = Order.swift; sourceTree = "<group>"; };
		D53B70FE20E4D5C400C1E7C5 /* Menu.swift */ = {isa = PBXFileReference; lastKnownFileType = sourcecode.swift; path = Menu.swift; sourceTree = "<group>"; };
		D53B710020E518E300C1E7C5 /* Dish.swift */ = {isa = PBXFileReference; lastKnownFileType = sourcecode.swift; path = Dish.swift; sourceTree = "<group>"; };
		D53B713B20E56D7500C1E7C5 /* HistoricalViewController.swift */ = {isa = PBXFileReference; lastKnownFileType = sourcecode.swift; path = HistoricalViewController.swift; sourceTree = "<group>"; };
		D5432B6620E30DF70043CE52 /* Alamofire.xcodeproj */ = {isa = PBXFileReference; lastKnownFileType = "wrapper.pb-project"; name = Alamofire.xcodeproj; path = ../../Moviles/Alamofire/Alamofire.xcodeproj; sourceTree = "<group>"; };
		D5432B7F20E30E000043CE52 /* SwiftyJSON.xcodeproj */ = {isa = PBXFileReference; lastKnownFileType = "wrapper.pb-project"; name = SwiftyJSON.xcodeproj; path = ../../Moviles/SwiftyJSON/SwiftyJSON.xcodeproj; sourceTree = "<group>"; };
		D5432B9820E30E200043CE52 /* AlamofireImage.xcodeproj */ = {isa = PBXFileReference; lastKnownFileType = "wrapper.pb-project"; name = AlamofireImage.xcodeproj; path = "../../AlamofireImage-master/AlamofireImage.xcodeproj"; sourceTree = "<group>"; };
		D5432BC720E312020043CE52 /* MikhunaApi.swift */ = {isa = PBXFileReference; lastKnownFileType = sourcecode.swift; path = MikhunaApi.swift; sourceTree = SOURCE_ROOT; };
		D5432BC920E344C50043CE52 /* Session.swift */ = {isa = PBXFileReference; lastKnownFileType = sourcecode.swift; path = Session.swift; sourceTree = "<group>"; };
		D5432BCB20E345840043CE52 /* SessionStore.swift */ = {isa = PBXFileReference; lastKnownFileType = sourcecode.swift; path = SessionStore.swift; sourceTree = "<group>"; };
		D5464E8720E23D5C003C7ECA /* MakeOrderViewController.swift */ = {isa = PBXFileReference; lastKnownFileType = sourcecode.swift; path = MakeOrderViewController.swift; sourceTree = "<group>"; };
		D5464E8920E244AD003C7ECA /* OrdersTableViewController.swift */ = {isa = PBXFileReference; lastKnownFileType = sourcecode.swift; path = OrdersTableViewController.swift; sourceTree = "<group>"; };
		D5464E8B20E244D8003C7ECA /* SubscriptionsTableViewController.swift */ = {isa = PBXFileReference; lastKnownFileType = sourcecode.swift; path = SubscriptionsTableViewController.swift; sourceTree = "<group>"; };
		D5464E8F20E24723003C7ECA /* RestaurantViewController.swift */ = {isa = PBXFileReference; lastKnownFileType = sourcecode.swift; path = RestaurantViewController.swift; sourceTree = "<group>"; };
		D54C082420E172E300003890 /* OrderViewController.swift */ = {isa = PBXFileReference; lastKnownFileType = sourcecode.swift; path = OrderViewController.swift; sourceTree = "<group>"; };
		D54C082620E172F800003890 /* MapViewController.swift */ = {isa = PBXFileReference; lastKnownFileType = sourcecode.swift; path = MapViewController.swift; sourceTree = "<group>"; };
		D54C082820E1733F00003890 /* RegisterViewController.swift */ = {isa = PBXFileReference; lastKnownFileType = sourcecode.swift; path = RegisterViewController.swift; sourceTree = "<group>"; };
		D5602DDA20DB8CA9000305FE /* LoginViewController.swift */ = {isa = PBXFileReference; lastKnownFileType = sourcecode.swift; path = LoginViewController.swift; sourceTree = "<group>"; };
		D5602DDC20DB9237000305FE /* Assets.xcassets */ = {isa = PBXFileReference; lastKnownFileType = folder.assetcatalog; path = Assets.xcassets; sourceTree = "<group>"; };
/* End PBXFileReference section */

/* Begin PBXFrameworksBuildPhase section */
		D534817820DA242000D33E30 /* Frameworks */ = {
			isa = PBXFrameworksBuildPhase;
			buildActionMask = 2147483647;
			files = (
				D5432BBF20E311570043CE52 /* SwiftyJSON.framework in Frameworks */,
				D5432BC320E3115D0043CE52 /* Alamofire.framework in Frameworks */,
				D5432BBB20E311500043CE52 /* AlamofireImage.framework in Frameworks */,
			);
			runOnlyForDeploymentPostprocessing = 0;
		};
/* End PBXFrameworksBuildPhase section */

/* Begin PBXGroup section */
		D534817220DA242000D33E30 = {
			isa = PBXGroup;
			children = (
				D5432B9820E30E200043CE52 /* AlamofireImage.xcodeproj */,
				D5432B7F20E30E000043CE52 /* SwiftyJSON.xcodeproj */,
				D5432B6620E30DF70043CE52 /* Alamofire.xcodeproj */,
				D534817D20DA242000D33E30 /* IMikhuna */,
				D534817C20DA242000D33E30 /* Products */,
			);
			sourceTree = "<group>";
		};
		D534817C20DA242000D33E30 /* Products */ = {
			isa = PBXGroup;
			children = (
				D534817B20DA242000D33E30 /* IMikhuna.app */,
			);
			name = Products;
			sourceTree = "<group>";
		};
		D534817D20DA242000D33E30 /* IMikhuna */ = {
			isa = PBXGroup;
			children = (
				D5602D0720DA27CB000305FE /* Main */,
				D534819620DA279900D33E30 /* Network */,
				D534819520DA278E00D33E30 /* ViewController */,
				D534819420DA278100D33E30 /* Resources */,
				D534819320DA277600D33E30 /* Model */,
				D534818D20DA242200D33E30 /* Info.plist */,
			);
			path = IMikhuna;
			sourceTree = "<group>";
		};
		D534819320DA277600D33E30 /* Model */ = {
			isa = PBXGroup;
			children = (
				D534818520DA242000D33E30 /* IMikhuna.xcdatamodeld */,
				D5432BC920E344C50043CE52 /* Session.swift */,
				D5432BCB20E345840043CE52 /* SessionStore.swift */,
				D53B70E120E4C09000C1E7C5 /* Subscription.swift */,
				D53B70FC20E4CF7F00C1E7C5 /* Order.swift */,
				D53B70FE20E4D5C400C1E7C5 /* Menu.swift */,
				D53B710020E518E300C1E7C5 /* Dish.swift */,
			);
			path = Model;
			sourceTree = "<group>";
		};
		D534819420DA278100D33E30 /* Resources */ = {
			isa = PBXGroup;
			children = (
				D5602DDC20DB9237000305FE /* Assets.xcassets */,
				D534818220DA242000D33E30 /* Main.storyboard */,
				D534818A20DA242200D33E30 /* LaunchScreen.storyboard */,
			);
			path = Resources;
			sourceTree = "<group>";
		};
		D534819520DA278E00D33E30 /* ViewController */ = {
			isa = PBXGroup;
			children = (
				D5602DDA20DB8CA9000305FE /* LoginViewController.swift */,
				D54C082420E172E300003890 /* OrderViewController.swift */,
				D54C082620E172F800003890 /* MapViewController.swift */,
				D54C082820E1733F00003890 /* RegisterViewController.swift */,
				D5464E8720E23D5C003C7ECA /* MakeOrderViewController.swift */,
				D5464E8920E244AD003C7ECA /* OrdersTableViewController.swift */,
				D5464E8B20E244D8003C7ECA /* SubscriptionsTableViewController.swift */,
				D5464E8F20E24723003C7ECA /* RestaurantViewController.swift */,
				D53B713B20E56D7500C1E7C5 /* HistoricalViewController.swift */,
			);
			path = ViewController;
			sourceTree = "<group>";
		};
		D534819620DA279900D33E30 /* Network */ = {
			isa = PBXGroup;
			children = (
				D5432BC720E312020043CE52 /* MikhunaApi.swift */,
			);
			path = Network;
			sourceTree = "<group>";
		};
		D5432B6720E30DF70043CE52 /* Products */ = {
			isa = PBXGroup;
			children = (
				D5432B7220E30DF80043CE52 /* Alamofire.framework */,
				D5432B7420E30DF80043CE52 /* Alamofire iOS Tests.xctest */,
				D5432B7620E30DF80043CE52 /* Alamofire.framework */,
				D5432B7820E30DF80043CE52 /* Alamofire macOS Tests.xctest */,
				D5432B7A20E30DF80043CE52 /* Alamofire.framework */,
				D5432B7C20E30DF80043CE52 /* Alamofire tvOS Tests.xctest */,
				D5432B7E20E30DF80043CE52 /* Alamofire.framework */,
			);
			name = Products;
			sourceTree = "<group>";
		};
		D5432B8020E30E000043CE52 /* Products */ = {
			isa = PBXGroup;
			children = (
				D5432B8B20E30E000043CE52 /* SwiftyJSON.framework */,
				D5432B8D20E30E000043CE52 /* SwiftyJSON iOS Tests.xctest */,
				D5432B8F20E30E000043CE52 /* SwiftyJSON.framework */,
				D5432B9120E30E000043CE52 /* SwiftyJSON macOS Tests.xctest */,
				D5432B9320E30E000043CE52 /* SwiftyJSON.framework */,
				D5432B9520E30E000043CE52 /* SwiftyJSON.framework */,
				D5432B9720E30E000043CE52 /* SwiftyJSON tvOS Tests.xctest */,
			);
			name = Products;
			sourceTree = "<group>";
		};
		D5432B9920E30E200043CE52 /* Products */ = {
			isa = PBXGroup;
			children = (
				D5432BA520E30E200043CE52 /* AlamofireImage.framework */,
				D5432BA720E30E200043CE52 /* AlamofireImage iOS Tests.xctest */,
				D5432BA920E30E200043CE52 /* AlamofireImage.framework */,
				D5432BAB20E30E200043CE52 /* AlamofireImage macOS Tests.xctest */,
				D5432BAD20E30E200043CE52 /* AlamofireImage.framework */,
				D5432BAF20E30E200043CE52 /* AlamofireImage tvOS Tests.xctest */,
				D5432BB120E30E200043CE52 /* AlamofireImage.framework */,
			);
			name = Products;
			sourceTree = "<group>";
		};
		D5602D0720DA27CB000305FE /* Main */ = {
			isa = PBXGroup;
			children = (
				D534817E20DA242000D33E30 /* AppDelegate.swift */,
			);
			path = Main;
			sourceTree = "<group>";
		};
/* End PBXGroup section */

/* Begin PBXNativeTarget section */
		D534817A20DA242000D33E30 /* IMikhuna */ = {
			isa = PBXNativeTarget;
			buildConfigurationList = D534819020DA242200D33E30 /* Build configuration list for PBXNativeTarget "IMikhuna" */;
			buildPhases = (
				D534817720DA242000D33E30 /* Sources */,
				D534817820DA242000D33E30 /* Frameworks */,
				D534817920DA242000D33E30 /* Resources */,
				D5464F1120E248AD003C7ECA /* Embed Frameworks */,
			);
			buildRules = (
			);
			dependencies = (
				D5432BBE20E311500043CE52 /* PBXTargetDependency */,
				D5432BC220E311570043CE52 /* PBXTargetDependency */,
				D5432BC620E3115D0043CE52 /* PBXTargetDependency */,
			);
			name = IMikhuna;
			productName = IMikhuna;
			productReference = D534817B20DA242000D33E30 /* IMikhuna.app */;
			productType = "com.apple.product-type.application";
		};
/* End PBXNativeTarget section */

/* Begin PBXProject section */
		D534817320DA242000D33E30 /* Project object */ = {
			isa = PBXProject;
			attributes = {
				LastSwiftUpdateCheck = 0940;
				LastUpgradeCheck = 0940;
				ORGANIZATIONNAME = "Raul Bigoria Escobedo";
				TargetAttributes = {
					D534817A20DA242000D33E30 = {
						CreatedOnToolsVersion = 9.4.1;
					};
				};
			};
			buildConfigurationList = D534817620DA242000D33E30 /* Build configuration list for PBXProject "IMikhuna" */;
			compatibilityVersion = "Xcode 9.3";
			developmentRegion = en;
			hasScannedForEncodings = 0;
			knownRegions = (
				en,
				Base,
			);
			mainGroup = D534817220DA242000D33E30;
			productRefGroup = D534817C20DA242000D33E30 /* Products */;
			projectDirPath = "";
			projectReferences = (
				{
					ProductGroup = D5432B6720E30DF70043CE52 /* Products */;
					ProjectRef = D5432B6620E30DF70043CE52 /* Alamofire.xcodeproj */;
				},
				{
					ProductGroup = D5432B9920E30E200043CE52 /* Products */;
					ProjectRef = D5432B9820E30E200043CE52 /* AlamofireImage.xcodeproj */;
				},
				{
					ProductGroup = D5432B8020E30E000043CE52 /* Products */;
					ProjectRef = D5432B7F20E30E000043CE52 /* SwiftyJSON.xcodeproj */;
				},
			);
			projectRoot = "";
			targets = (
				D534817A20DA242000D33E30 /* IMikhuna */,
			);
		};
/* End PBXProject section */

/* Begin PBXReferenceProxy section */
		D5432B7220E30DF80043CE52 /* Alamofire.framework */ = {
			isa = PBXReferenceProxy;
			fileType = wrapper.framework;
			path = Alamofire.framework;
			remoteRef = D5432B7120E30DF80043CE52 /* PBXContainerItemProxy */;
			sourceTree = BUILT_PRODUCTS_DIR;
		};
		D5432B7420E30DF80043CE52 /* Alamofire iOS Tests.xctest */ = {
			isa = PBXReferenceProxy;
			fileType = wrapper.cfbundle;
			path = "Alamofire iOS Tests.xctest";
			remoteRef = D5432B7320E30DF80043CE52 /* PBXContainerItemProxy */;
			sourceTree = BUILT_PRODUCTS_DIR;
		};
		D5432B7620E30DF80043CE52 /* Alamofire.framework */ = {
			isa = PBXReferenceProxy;
			fileType = wrapper.framework;
			path = Alamofire.framework;
			remoteRef = D5432B7520E30DF80043CE52 /* PBXContainerItemProxy */;
			sourceTree = BUILT_PRODUCTS_DIR;
		};
		D5432B7820E30DF80043CE52 /* Alamofire macOS Tests.xctest */ = {
			isa = PBXReferenceProxy;
			fileType = wrapper.cfbundle;
			path = "Alamofire macOS Tests.xctest";
			remoteRef = D5432B7720E30DF80043CE52 /* PBXContainerItemProxy */;
			sourceTree = BUILT_PRODUCTS_DIR;
		};
		D5432B7A20E30DF80043CE52 /* Alamofire.framework */ = {
			isa = PBXReferenceProxy;
			fileType = wrapper.framework;
			path = Alamofire.framework;
			remoteRef = D5432B7920E30DF80043CE52 /* PBXContainerItemProxy */;
			sourceTree = BUILT_PRODUCTS_DIR;
		};
		D5432B7C20E30DF80043CE52 /* Alamofire tvOS Tests.xctest */ = {
			isa = PBXReferenceProxy;
			fileType = wrapper.cfbundle;
			path = "Alamofire tvOS Tests.xctest";
			remoteRef = D5432B7B20E30DF80043CE52 /* PBXContainerItemProxy */;
			sourceTree = BUILT_PRODUCTS_DIR;
		};
		D5432B7E20E30DF80043CE52 /* Alamofire.framework */ = {
			isa = PBXReferenceProxy;
			fileType = wrapper.framework;
			path = Alamofire.framework;
			remoteRef = D5432B7D20E30DF80043CE52 /* PBXContainerItemProxy */;
			sourceTree = BUILT_PRODUCTS_DIR;
		};
		D5432B8B20E30E000043CE52 /* SwiftyJSON.framework */ = {
			isa = PBXReferenceProxy;
			fileType = wrapper.framework;
			path = SwiftyJSON.framework;
			remoteRef = D5432B8A20E30E000043CE52 /* PBXContainerItemProxy */;
			sourceTree = BUILT_PRODUCTS_DIR;
		};
		D5432B8D20E30E000043CE52 /* SwiftyJSON iOS Tests.xctest */ = {
			isa = PBXReferenceProxy;
			fileType = wrapper.cfbundle;
			path = "SwiftyJSON iOS Tests.xctest";
			remoteRef = D5432B8C20E30E000043CE52 /* PBXContainerItemProxy */;
			sourceTree = BUILT_PRODUCTS_DIR;
		};
		D5432B8F20E30E000043CE52 /* SwiftyJSON.framework */ = {
			isa = PBXReferenceProxy;
			fileType = wrapper.framework;
			path = SwiftyJSON.framework;
			remoteRef = D5432B8E20E30E000043CE52 /* PBXContainerItemProxy */;
			sourceTree = BUILT_PRODUCTS_DIR;
		};
		D5432B9120E30E000043CE52 /* SwiftyJSON macOS Tests.xctest */ = {
			isa = PBXReferenceProxy;
			fileType = wrapper.cfbundle;
			path = "SwiftyJSON macOS Tests.xctest";
			remoteRef = D5432B9020E30E000043CE52 /* PBXContainerItemProxy */;
			sourceTree = BUILT_PRODUCTS_DIR;
		};
		D5432B9320E30E000043CE52 /* SwiftyJSON.framework */ = {
			isa = PBXReferenceProxy;
			fileType = wrapper.framework;
			path = SwiftyJSON.framework;
			remoteRef = D5432B9220E30E000043CE52 /* PBXContainerItemProxy */;
			sourceTree = BUILT_PRODUCTS_DIR;
		};
		D5432B9520E30E000043CE52 /* SwiftyJSON.framework */ = {
			isa = PBXReferenceProxy;
			fileType = wrapper.framework;
			path = SwiftyJSON.framework;
			remoteRef = D5432B9420E30E000043CE52 /* PBXContainerItemProxy */;
			sourceTree = BUILT_PRODUCTS_DIR;
		};
		D5432B9720E30E000043CE52 /* SwiftyJSON tvOS Tests.xctest */ = {
			isa = PBXReferenceProxy;
			fileType = wrapper.cfbundle;
			path = "SwiftyJSON tvOS Tests.xctest";
			remoteRef = D5432B9620E30E000043CE52 /* PBXContainerItemProxy */;
			sourceTree = BUILT_PRODUCTS_DIR;
		};
		D5432BA520E30E200043CE52 /* AlamofireImage.framework */ = {
			isa = PBXReferenceProxy;
			fileType = wrapper.framework;
			path = AlamofireImage.framework;
			remoteRef = D5432BA420E30E200043CE52 /* PBXContainerItemProxy */;
			sourceTree = BUILT_PRODUCTS_DIR;
		};
		D5432BA720E30E200043CE52 /* AlamofireImage iOS Tests.xctest */ = {
			isa = PBXReferenceProxy;
			fileType = wrapper.cfbundle;
			path = "AlamofireImage iOS Tests.xctest";
			remoteRef = D5432BA620E30E200043CE52 /* PBXContainerItemProxy */;
			sourceTree = BUILT_PRODUCTS_DIR;
		};
		D5432BA920E30E200043CE52 /* AlamofireImage.framework */ = {
			isa = PBXReferenceProxy;
			fileType = wrapper.framework;
			path = AlamofireImage.framework;
			remoteRef = D5432BA820E30E200043CE52 /* PBXContainerItemProxy */;
			sourceTree = BUILT_PRODUCTS_DIR;
		};
		D5432BAB20E30E200043CE52 /* AlamofireImage macOS Tests.xctest */ = {
			isa = PBXReferenceProxy;
			fileType = wrapper.cfbundle;
			path = "AlamofireImage macOS Tests.xctest";
			remoteRef = D5432BAA20E30E200043CE52 /* PBXContainerItemProxy */;
			sourceTree = BUILT_PRODUCTS_DIR;
		};
		D5432BAD20E30E200043CE52 /* AlamofireImage.framework */ = {
			isa = PBXReferenceProxy;
			fileType = wrapper.framework;
			path = AlamofireImage.framework;
			remoteRef = D5432BAC20E30E200043CE52 /* PBXContainerItemProxy */;
			sourceTree = BUILT_PRODUCTS_DIR;
		};
		D5432BAF20E30E200043CE52 /* AlamofireImage tvOS Tests.xctest */ = {
			isa = PBXReferenceProxy;
			fileType = wrapper.cfbundle;
			path = "AlamofireImage tvOS Tests.xctest";
			remoteRef = D5432BAE20E30E200043CE52 /* PBXContainerItemProxy */;
			sourceTree = BUILT_PRODUCTS_DIR;
		};
		D5432BB120E30E200043CE52 /* AlamofireImage.framework */ = {
			isa = PBXReferenceProxy;
			fileType = wrapper.framework;
			path = AlamofireImage.framework;
			remoteRef = D5432BB020E30E200043CE52 /* PBXContainerItemProxy */;
			sourceTree = BUILT_PRODUCTS_DIR;
		};
/* End PBXReferenceProxy section */

/* Begin PBXResourcesBuildPhase section */
		D534817920DA242000D33E30 /* Resources */ = {
			isa = PBXResourcesBuildPhase;
			buildActionMask = 2147483647;
			files = (
				D534818C20DA242200D33E30 /* LaunchScreen.storyboard in Resources */,
				D5602DDD20DB9237000305FE /* Assets.xcassets in Resources */,
				D534818420DA242000D33E30 /* Main.storyboard in Resources */,
			);
			runOnlyForDeploymentPostprocessing = 0;
		};
/* End PBXResourcesBuildPhase section */

/* Begin PBXSourcesBuildPhase section */
		D534817720DA242000D33E30 /* Sources */ = {
			isa = PBXSourcesBuildPhase;
			buildActionMask = 2147483647;
			files = (
				D5432BCC20E345840043CE52 /* SessionStore.swift in Sources */,
				D53B710120E518E300C1E7C5 /* Dish.swift in Sources */,
				D5464E8A20E244AD003C7ECA /* OrdersTableViewController.swift in Sources */,
				D5464E9020E24723003C7ECA /* RestaurantViewController.swift in Sources */,
				D5602DDB20DB8CA9000305FE /* LoginViewController.swift in Sources */,
				D53B70E220E4C09000C1E7C5 /* Subscription.swift in Sources */,
				D5464E8820E23D5C003C7ECA /* MakeOrderViewController.swift in Sources */,
				D54C082920E1733F00003890 /* RegisterViewController.swift in Sources */,
				D53B713C20E56D7500C1E7C5 /* HistoricalViewController.swift in Sources */,
				D534817F20DA242000D33E30 /* AppDelegate.swift in Sources */,
				D5432BC820E312020043CE52 /* MikhunaApi.swift in Sources */,
				D5464E8C20E244D8003C7ECA /* SubscriptionsTableViewController.swift in Sources */,
				D53B70FF20E4D5C400C1E7C5 /* Menu.swift in Sources */,
				D5432BCA20E344C50043CE52 /* Session.swift in Sources */,
				D534818720DA242000D33E30 /* IMikhuna.xcdatamodeld in Sources */,
				D53B70FD20E4CF7F00C1E7C5 /* Order.swift in Sources */,
				D54C082520E172E300003890 /* OrderViewController.swift in Sources */,
				D54C082720E172F800003890 /* MapViewController.swift in Sources */,
			);
			runOnlyForDeploymentPostprocessing = 0;
		};
/* End PBXSourcesBuildPhase section */

/* Begin PBXTargetDependency section */
		D5432BBE20E311500043CE52 /* PBXTargetDependency */ = {
			isa = PBXTargetDependency;
			name = "AlamofireImage iOS";
			targetProxy = D5432BBD20E311500043CE52 /* PBXContainerItemProxy */;
		};
		D5432BC220E311570043CE52 /* PBXTargetDependency */ = {
			isa = PBXTargetDependency;
			name = "SwiftyJSON iOS";
			targetProxy = D5432BC120E311570043CE52 /* PBXContainerItemProxy */;
		};
		D5432BC620E3115D0043CE52 /* PBXTargetDependency */ = {
			isa = PBXTargetDependency;
			name = "Alamofire iOS";
			targetProxy = D5432BC520E3115D0043CE52 /* PBXContainerItemProxy */;
		};
/* End PBXTargetDependency section */

/* Begin PBXVariantGroup section */
		D534818220DA242000D33E30 /* Main.storyboard */ = {
			isa = PBXVariantGroup;
			children = (
				D534818320DA242000D33E30 /* Base */,
			);
			name = Main.storyboard;
			sourceTree = "<group>";
		};
		D534818A20DA242200D33E30 /* LaunchScreen.storyboard */ = {
			isa = PBXVariantGroup;
			children = (
				D534818B20DA242200D33E30 /* Base */,
			);
			name = LaunchScreen.storyboard;
			sourceTree = "<group>";
		};
/* End PBXVariantGroup section */

/* Begin XCBuildConfiguration section */
		D534818E20DA242200D33E30 /* Debug */ = {
			isa = XCBuildConfiguration;
			buildSettings = {
				ALWAYS_SEARCH_USER_PATHS = NO;
				CLANG_ANALYZER_NONNULL = YES;
				CLANG_ANALYZER_NUMBER_OBJECT_CONVERSION = YES_AGGRESSIVE;
				CLANG_CXX_LANGUAGE_STANDARD = "gnu++14";
				CLANG_CXX_LIBRARY = "libc++";
				CLANG_ENABLE_MODULES = YES;
				CLANG_ENABLE_OBJC_ARC = YES;
				CLANG_ENABLE_OBJC_WEAK = YES;
				CLANG_WARN_BLOCK_CAPTURE_AUTORELEASING = YES;
				CLANG_WARN_BOOL_CONVERSION = YES;
				CLANG_WARN_COMMA = YES;
				CLANG_WARN_CONSTANT_CONVERSION = YES;
				CLANG_WARN_DEPRECATED_OBJC_IMPLEMENTATIONS = YES;
				CLANG_WARN_DIRECT_OBJC_ISA_USAGE = YES_ERROR;
				CLANG_WARN_DOCUMENTATION_COMMENTS = YES;
				CLANG_WARN_EMPTY_BODY = YES;
				CLANG_WARN_ENUM_CONVERSION = YES;
				CLANG_WARN_INFINITE_RECURSION = YES;
				CLANG_WARN_INT_CONVERSION = YES;
				CLANG_WARN_NON_LITERAL_NULL_CONVERSION = YES;
				CLANG_WARN_OBJC_IMPLICIT_RETAIN_SELF = YES;
				CLANG_WARN_OBJC_LITERAL_CONVERSION = YES;
				CLANG_WARN_OBJC_ROOT_CLASS = YES_ERROR;
				CLANG_WARN_RANGE_LOOP_ANALYSIS = YES;
				CLANG_WARN_STRICT_PROTOTYPES = YES;
				CLANG_WARN_SUSPICIOUS_MOVE = YES;
				CLANG_WARN_UNGUARDED_AVAILABILITY = YES_AGGRESSIVE;
				CLANG_WARN_UNREACHABLE_CODE = YES;
				CLANG_WARN__DUPLICATE_METHOD_MATCH = YES;
				CODE_SIGN_IDENTITY = "iPhone Developer";
				COPY_PHASE_STRIP = NO;
				DEBUG_INFORMATION_FORMAT = dwarf;
				ENABLE_STRICT_OBJC_MSGSEND = YES;
				ENABLE_TESTABILITY = YES;
				GCC_C_LANGUAGE_STANDARD = gnu11;
				GCC_DYNAMIC_NO_PIC = NO;
				GCC_NO_COMMON_BLOCKS = YES;
				GCC_OPTIMIZATION_LEVEL = 0;
				GCC_PREPROCESSOR_DEFINITIONS = (
					"DEBUG=1",
					"$(inherited)",
				);
				GCC_WARN_64_TO_32_BIT_CONVERSION = YES;
				GCC_WARN_ABOUT_RETURN_TYPE = YES_ERROR;
				GCC_WARN_UNDECLARED_SELECTOR = YES;
				GCC_WARN_UNINITIALIZED_AUTOS = YES_AGGRESSIVE;
				GCC_WARN_UNUSED_FUNCTION = YES;
				GCC_WARN_UNUSED_VARIABLE = YES;
				IPHONEOS_DEPLOYMENT_TARGET = 11.4;
				MTL_ENABLE_DEBUG_INFO = YES;
				ONLY_ACTIVE_ARCH = YES;
				SDKROOT = iphoneos;
				SWIFT_ACTIVE_COMPILATION_CONDITIONS = DEBUG;
				SWIFT_OPTIMIZATION_LEVEL = "-Onone";
			};
			name = Debug;
		};
		D534818F20DA242200D33E30 /* Release */ = {
			isa = XCBuildConfiguration;
			buildSettings = {
				ALWAYS_SEARCH_USER_PATHS = NO;
				CLANG_ANALYZER_NONNULL = YES;
				CLANG_ANALYZER_NUMBER_OBJECT_CONVERSION = YES_AGGRESSIVE;
				CLANG_CXX_LANGUAGE_STANDARD = "gnu++14";
				CLANG_CXX_LIBRARY = "libc++";
				CLANG_ENABLE_MODULES = YES;
				CLANG_ENABLE_OBJC_ARC = YES;
				CLANG_ENABLE_OBJC_WEAK = YES;
				CLANG_WARN_BLOCK_CAPTURE_AUTORELEASING = YES;
				CLANG_WARN_BOOL_CONVERSION = YES;
				CLANG_WARN_COMMA = YES;
				CLANG_WARN_CONSTANT_CONVERSION = YES;
				CLANG_WARN_DEPRECATED_OBJC_IMPLEMENTATIONS = YES;
				CLANG_WARN_DIRECT_OBJC_ISA_USAGE = YES_ERROR;
				CLANG_WARN_DOCUMENTATION_COMMENTS = YES;
				CLANG_WARN_EMPTY_BODY = YES;
				CLANG_WARN_ENUM_CONVERSION = YES;
				CLANG_WARN_INFINITE_RECURSION = YES;
				CLANG_WARN_INT_CONVERSION = YES;
				CLANG_WARN_NON_LITERAL_NULL_CONVERSION = YES;
				CLANG_WARN_OBJC_IMPLICIT_RETAIN_SELF = YES;
				CLANG_WARN_OBJC_LITERAL_CONVERSION = YES;
				CLANG_WARN_OBJC_ROOT_CLASS = YES_ERROR;
				CLANG_WARN_RANGE_LOOP_ANALYSIS = YES;
				CLANG_WARN_STRICT_PROTOTYPES = YES;
				CLANG_WARN_SUSPICIOUS_MOVE = YES;
				CLANG_WARN_UNGUARDED_AVAILABILITY = YES_AGGRESSIVE;
				CLANG_WARN_UNREACHABLE_CODE = YES;
				CLANG_WARN__DUPLICATE_METHOD_MATCH = YES;
				CODE_SIGN_IDENTITY = "iPhone Developer";
				COPY_PHASE_STRIP = NO;
				DEBUG_INFORMATION_FORMAT = "dwarf-with-dsym";
				ENABLE_NS_ASSERTIONS = NO;
				ENABLE_STRICT_OBJC_MSGSEND = YES;
				GCC_C_LANGUAGE_STANDARD = gnu11;
				GCC_NO_COMMON_BLOCKS = YES;
				GCC_WARN_64_TO_32_BIT_CONVERSION = YES;
				GCC_WARN_ABOUT_RETURN_TYPE = YES_ERROR;
				GCC_WARN_UNDECLARED_SELECTOR = YES;
				GCC_WARN_UNINITIALIZED_AUTOS = YES_AGGRESSIVE;
				GCC_WARN_UNUSED_FUNCTION = YES;
				GCC_WARN_UNUSED_VARIABLE = YES;
				IPHONEOS_DEPLOYMENT_TARGET = 11.4;
				MTL_ENABLE_DEBUG_INFO = NO;
				SDKROOT = iphoneos;
				SWIFT_COMPILATION_MODE = wholemodule;
				SWIFT_OPTIMIZATION_LEVEL = "-O";
				VALIDATE_PRODUCT = YES;
			};
			name = Release;
		};
		D534819120DA242200D33E30 /* Debug */ = {
			isa = XCBuildConfiguration;
			buildSettings = {
				ALWAYS_EMBED_SWIFT_STANDARD_LIBRARIES = YES;
				ASSETCATALOG_COMPILER_APPICON_NAME = AppIcon;
				CODE_SIGN_STYLE = Automatic;
				DEVELOPMENT_TEAM = 378JQ9F8US;
				INFOPLIST_FILE = IMikhuna/Info.plist;
				LD_RUNPATH_SEARCH_PATHS = (
					"$(inherited)",
					"@executable_path/Frameworks",
				);
				PRODUCT_BUNDLE_IDENTIFIER = upc.org.IMikhuna;
				PRODUCT_NAME = "$(TARGET_NAME)";
				SWIFT_VERSION = 4.0;
				TARGETED_DEVICE_FAMILY = "1,2";
			};
			name = Debug;
		};
		D534819220DA242200D33E30 /* Release */ = {
			isa = XCBuildConfiguration;
			buildSettings = {
				ALWAYS_EMBED_SWIFT_STANDARD_LIBRARIES = YES;
				ASSETCATALOG_COMPILER_APPICON_NAME = AppIcon;
				CODE_SIGN_STYLE = Automatic;
				DEVELOPMENT_TEAM = 378JQ9F8US;
				INFOPLIST_FILE = IMikhuna/Info.plist;
				LD_RUNPATH_SEARCH_PATHS = (
					"$(inherited)",
					"@executable_path/Frameworks",
				);
				PRODUCT_BUNDLE_IDENTIFIER = upc.org.IMikhuna;
				PRODUCT_NAME = "$(TARGET_NAME)";
				SWIFT_VERSION = 4.0;
				TARGETED_DEVICE_FAMILY = "1,2";
			};
			name = Release;
		};
/* End XCBuildConfiguration section */

/* Begin XCConfigurationList section */
		D534817620DA242000D33E30 /* Build configuration list for PBXProject "IMikhuna" */ = {
			isa = XCConfigurationList;
			buildConfigurations = (
				D534818E20DA242200D33E30 /* Debug */,
				D534818F20DA242200D33E30 /* Release */,
			);
			defaultConfigurationIsVisible = 0;
			defaultConfigurationName = Release;
		};
		D534819020DA242200D33E30 /* Build configuration list for PBXNativeTarget "IMikhuna" */ = {
			isa = XCConfigurationList;
			buildConfigurations = (
				D534819120DA242200D33E30 /* Debug */,
				D534819220DA242200D33E30 /* Release */,
			);
			defaultConfigurationIsVisible = 0;
			defaultConfigurationName = Release;
		};
/* End XCConfigurationList section */

/* Begin XCVersionGroup section */
		D534818520DA242000D33E30 /* IMikhuna.xcdatamodeld */ = {
			isa = XCVersionGroup;
			children = (
				D534818620DA242000D33E30 /* IMikhuna.xcdatamodel */,
			);
			currentVersion = D534818620DA242000D33E30 /* IMikhuna.xcdatamodel */;
			path = IMikhuna.xcdatamodeld;
			sourceTree = "<group>";
			versionGroupType = wrapper.xcdatamodel;
		};
/* End XCVersionGroup section */
	};
	rootObject = D534817320DA242000D33E30 /* Project object */;
}
